
Microsoft Visual Studio Solution File, Format Version 12.00
# Visual Studio Version 16
VisualStudioVersion = 16.0.29318.209
MinimumVisualStudioVersion = 10.0.40219.1
Project("{FAE04EC0-301F-11D3-BF4B-00C04F79EFBC}") = "FileCopy", "FileCopy\FileCopy.csproj", "{9BBD0DBC-DA1F-4568-9ED0-56B50625F07D}"
EndProject
Global
	GlobalSection(SolutionConfigurationPlatforms) = preSolution
		Debug|Any CPU = Debug|Any CPU
		Release|Any CPU = Release|Any CPU
	EndGlobalSection
	GlobalSection(ProjectConfigurationPlatforms) = postSolution
		{9BBD0DBC-DA1F-4568-9ED0-56B50625F07D}.Debug|Any CPU.ActiveCfg = Debug|Any CPU
		{9BBD0DBC-DA1F-4568-9ED0-56B50625F07D}.Debug|Any CPU.Build.0 = Debug|Any CPU
		{9BBD0DBC-DA1F-4568-9ED0-56B50625F07D}.Release|Any CPU.ActiveCfg = Release|Any CPU
		{9BBD0DBC-DA1F-4568-9ED0-56B50625F07D}.Release|Any CPU.Build.0 = Release|Any CPU
	EndGlobalSection
	GlobalSection(SolutionProperties) = preSolution
		HideSolutionNode = FALSE
	EndGlobalSection
	GlobalSection(ExtensibilityGlobals) = postSolution
		SolutionGuid = {770DCCD4-CA2A-49B7-871D-50F0DFE922D3}
	EndGlobalSection
EndGlobal
